{
  "requires": true,
  "lockfileVersion": 1,
  "dependencies": {
    "guidechimp": {
      "version": "3.2.2",
      "resolved": "https://registry.npmjs.org/guidechimp/-/guidechimp-3.2.2.tgz",
      "integrity": "sha512-rEDH6x5XBUuxLZ77um5waecP2iT82Fy6aZkpon8wv/J2ifjGsC2zTJXMbs6sv+HHlssu/yvdUeKueMbLYaqglQ=="
    }
  }
}
